
Microsoft Visual Studio Solution File, Format Version 12.00
# Visual Studio Version 17
VisualStudioVersion = 17.6.33829.357
MinimumVisualStudioVersion = 10.0.40219.1
Project("{FAE04EC0-301F-11D3-BF4B-00C04F79EFBC}") = "Project.Detroit.Tests", "Project.Detroit.Tests.csproj", "{AD58BB03-2DF3-4834-A4E2-812EF62C272F}"
EndProject
Global
	GlobalSection(SolutionConfigurationPlatforms) = preSolution
		Debug|Any CPU = Debug|Any CPU
		Release|Any CPU = Release|Any CPU
	EndGlobalSection
	GlobalSection(ProjectConfigurationPlatforms) = postSolution
		{AD58BB03-2DF3-4834-A4E2-812EF62C272F}.Debug|Any CPU.ActiveCfg = Debug|Any CPU
		{AD58BB03-2DF3-4834-A4E2-812EF62C272F}.Debug|Any CPU.Build.0 = Debug|Any CPU
		{AD58BB03-2DF3-4834-A4E2-812EF62C272F}.Release|Any CPU.ActiveCfg = Release|Any CPU
		{AD58BB03-2DF3-4834-A4E2-812EF62C272F}.Release|Any CPU.Build.0 = Release|Any CPU
	EndGlobalSection
	GlobalSection(SolutionProperties) = preSolution
		HideSolutionNode = FALSE
	EndGlobalSection
	GlobalSection(ExtensibilityGlobals) = postSolution
		SolutionGuid = {A2A5F443-ACB4-4C96-BB91-85E28C8D9568}
	EndGlobalSection
EndGlobal
